# This file is automatically @generated by Cargo.
# It is not intended for manual editing.
version = 3

[[package]]
name = "exercises"
version = "0.1.0"
dependencies = [
 "parquet-lab",
]

[[package]]
name = "parquet-lab"
version = "0.1.0"

[[package]]
name = "parquet-lab-wasm"
version = "0.1.0"
dependencies = [
 "parquet-lab",
 "pqlab",
]

[[package]]
name = "pqlab"
version = "0.1.0"
dependencies = [
 "parquet-lab",
]
